
Microsoft Visual Studio Solution File, Format Version 12.00
# Visual Studio Version 17
VisualStudioVersion = 17.8.34601.278
MinimumVisualStudioVersion = 10.0.40219.1
Project("{FAE04EC0-301F-11D3-BF4B-00C04F79EFBC}") = "NSwagFrameworkWithExamples", "NSwagFrameworkWithExamples\NSwagFrameworkWithExamples.csproj", "{73B1C228-B057-4A8C-8D1B-BBD4919E3230}"
EndProject
Project("{9A19103F-16F7-4668-BE54-9A1E7A4F7556}") = "NSwagAspNetCoreWithExamples", "NSwagAspNetCoreWithExamples\NSwagAspNetCoreWithExamples.csproj", "{3A3A7287-CDB3-4F55-9A89-7CE524ACC5F9}"
EndProject
Project("{2150E333-8FDC-42A3-9474-1A3956D46DE8}") = "Nswag.Examples", "Nswag.Examples", "{29EAACA9-983B-4E87-BC3D-3458FF428890}"
EndProject
Project("{9A19103F-16F7-4668-BE54-9A1E7A4F7556}") = "NSwag.Examples.Core", "..\src\NSwag.Examples.Core\NSwag.Examples.Core.csproj", "{F733B42B-AD56-4A8F-9205-5738AEA2937D}"
EndProject
Project("{9A19103F-16F7-4668-BE54-9A1E7A4F7556}") = "Nswag.Examples.AspNetCore", "..\src\Nswag.Examples.AspNetCore\Nswag.Examples.AspNetCore.csproj", "{4B7054BB-94D1-4F4F-B3B9-CC73AC509D3E}"
EndProject
Global
	GlobalSection(SolutionConfigurationPlatforms) = preSolution
		Debug|Any CPU = Debug|Any CPU
		Release|Any CPU = Release|Any CPU
	EndGlobalSection
	GlobalSection(ProjectConfigurationPlatforms) = postSolution
		{73B1C228-B057-4A8C-8D1B-BBD4919E3230}.Debug|Any CPU.ActiveCfg = Debug|Any CPU
		{73B1C228-B057-4A8C-8D1B-BBD4919E3230}.Debug|Any CPU.Build.0 = Debug|Any CPU
		{73B1C228-B057-4A8C-8D1B-BBD4919E3230}.Release|Any CPU.ActiveCfg = Release|Any CPU
		{73B1C228-B057-4A8C-8D1B-BBD4919E3230}.Release|Any CPU.Build.0 = Release|Any CPU
		{3A3A7287-CDB3-4F55-9A89-7CE524ACC5F9}.Debug|Any CPU.ActiveCfg = Debug|Any CPU
		{3A3A7287-CDB3-4F55-9A89-7CE524ACC5F9}.Debug|Any CPU.Build.0 = Debug|Any CPU
		{3A3A7287-CDB3-4F55-9A89-7CE524ACC5F9}.Release|Any CPU.ActiveCfg = Release|Any CPU
		{3A3A7287-CDB3-4F55-9A89-7CE524ACC5F9}.Release|Any CPU.Build.0 = Release|Any CPU
		{F733B42B-AD56-4A8F-9205-5738AEA2937D}.Debug|Any CPU.ActiveCfg = Debug|Any CPU
		{F733B42B-AD56-4A8F-9205-5738AEA2937D}.Debug|Any CPU.Build.0 = Debug|Any CPU
		{F733B42B-AD56-4A8F-9205-5738AEA2937D}.Release|Any CPU.ActiveCfg = Release|Any CPU
		{F733B42B-AD56-4A8F-9205-5738AEA2937D}.Release|Any CPU.Build.0 = Release|Any CPU
		{4B7054BB-94D1-4F4F-B3B9-CC73AC509D3E}.Debug|Any CPU.ActiveCfg = Debug|Any CPU
		{4B7054BB-94D1-4F4F-B3B9-CC73AC509D3E}.Debug|Any CPU.Build.0 = Debug|Any CPU
		{4B7054BB-94D1-4F4F-B3B9-CC73AC509D3E}.Release|Any CPU.ActiveCfg = Release|Any CPU
		{4B7054BB-94D1-4F4F-B3B9-CC73AC509D3E}.Release|Any CPU.Build.0 = Release|Any CPU
	EndGlobalSection
	GlobalSection(SolutionProperties) = preSolution
		HideSolutionNode = FALSE
	EndGlobalSection
	GlobalSection(NestedProjects) = preSolution
		{F733B42B-AD56-4A8F-9205-5738AEA2937D} = {29EAACA9-983B-4E87-BC3D-3458FF428890}
		{4B7054BB-94D1-4F4F-B3B9-CC73AC509D3E} = {29EAACA9-983B-4E87-BC3D-3458FF428890}
	EndGlobalSection
	GlobalSection(ExtensibilityGlobals) = postSolution
		SolutionGuid = {9B371895-6A6D-4DF8-80BA-9014FBBB5902}
	EndGlobalSection
EndGlobal
